{
  "name": "koa-poc",
  "version": "0.0.0",
  "lockfileVersion": 1,
  "requires": true,
  "dependencies": {
    "prettier": {
      "version": "2.3.2",
      "resolved": "https://registry.npmjs.org/prettier/-/prettier-2.3.2.tgz",
      "integrity": "sha512-lnJzDfJ66zkMy58OL5/NY5zp70S7Nz6KqcKkXYzn2tMVrNxvbqaBpg7H3qHaLxCJ5lNMsGuM8+ohS7cZrthdLQ==",
      "dev": true
    },
    "typescript": {
      "version": "4.2.3",
      "resolved": "https://registry.npmjs.org/typescript/-/typescript-4.2.3.tgz",
      "integrity": "sha512-qOcYwxaByStAWrBf4x0fibwZvMRG+r4cQoTjbPtUlrWjBHbmCAww1i448U0GJ+3cNNEtebDteo/cHOR3xJ4wEw==",
      "dev": true
    }
  }
}
